// !$*UTF8*$!
{
	archiveVersion = 1;
	classes = {
	};
	objectVersion = 46;
	objects = {

/* Begin PBXBuildFile section */
		BFCE188418DAC8D70075DF60 /* Foundation.framework in Frameworks */ = {isa = PBXBuildFile; fileRef = BFCE188318DAC8D70075DF60 /* Foundation.framework */; };
		BFCE188618DAC8D70075DF60 /* CoreGraphics.framework in Frameworks */ = {isa = PBXBuildFile; fileRef = BFCE188518DAC8D70075DF60 /* CoreGraphics.framework */; };
		BFCE188818DAC8D70075DF60 /* UIKit.framework in Frameworks */ = {isa = PBXBuildFile; fileRef = BFCE188718DAC8D70075DF60 /* UIKit.framework */; };
		BFCE188E18DAC8D70075DF60 /* InfoPlist.strings in Resources */ = {isa = PBXBuildFile; fileRef = BFCE188C18DAC8D70075DF60 /* InfoPlist.strings */; };
		BFCE189018DAC8D70075DF60 /* main.m in Sources */ = {isa = PBXBuildFile; fileRef = BFCE188F18DAC8D70075DF60 /* main.m */; };
		BFCE189418DAC8D70075DF60 /* DCAppDelegate.m in Sources */ = {isa = PBXBuildFile; fileRef = BFCE189318DAC8D70075DF60 /* DCAppDelegate.m */; };
		BFCE189718DAC8D70075DF60 /* Main.storyboard in Resources */ = {isa = PBXBuildFile; fileRef = BFCE189518DAC8D70075DF60 /* Main.storyboard */; };
		BFCE189A18DAC8D70075DF60 /* DCViewController.m in Sources */ = {isa = PBXBuildFile; fileRef = BFCE189918DAC8D70075DF60 /* DCViewController.m */; };
		BFCE189C18DAC8D70075DF60 /* Images.xcassets in Resources */ = {isa = PBXBuildFile; fileRef = BFCE189B18DAC8D70075DF60 /* Images.xcassets */; };
		BFCE18A318DAC8D70075DF60 /* XCTest.framework in Frameworks */ = {isa = PBXBuildFile; fileRef = BFCE18A218DAC8D70075DF60 /* XCTest.framework */; };
		BFCE18A418DAC8D70075DF60 /* Foundation.framework in Frameworks */ = {isa = PBXBuildFile; fileRef = BFCE188318DAC8D70075DF60 /* Foundation.framework */; };
		BFCE18A518DAC8D70075DF60 /* UIKit.framework in Frameworks */ = {isa = PBXBuildFile; fileRef = BFCE188718DAC8D70075DF60 /* UIKit.framework */; };
		BFCE18AD18DAC8D70075DF60 /* InfoPlist.strings in Resources */ = {isa = PBXBuildFile; fileRef = BFCE18AB18DAC8D70075DF60 /* InfoPlist.strings */; };
		BFCE18AF18DAC8D70075DF60 /* Git_TestTests.m in Sources */ = {isa = PBXBuildFile; fileRef = BFCE18AE18DAC8D70075DF60 /* Git_TestTests.m */; };
/* End PBXBuildFile section */

/* Begin PBXContainerItemProxy section */
		BFCE18A618DAC8D70075DF60 /* PBXContainerItemProxy */ = {
			isa = PBXContainerItemProxy;
			containerPortal = BFCE187818DAC8D60075DF60 /* Project object */;
			proxyType = 1;
			remoteGlobalIDString = BFCE187F18DAC8D60075DF60;
			remoteInfo = "Git Test";
		};
/* End PBXContainerItemProxy section */

/* Begin PBXFileReference section */
		BFCE188018DAC8D70075DF60 /* Git Test.app */ = {isa = PBXFileReference; explicitFileType = wrapper.application; includeInIndex = 0; path = "Git Test.app"; sourceTree = BUILT_PRODUCTS_DIR; };
		BFCE188318DAC8D70075DF60 /* Foundation.framework */ = {isa = PBXFileReference; lastKnownFileType = wrapper.framework; name = Foundation.framework; path = System/Library/Frameworks/Foundation.framework; sourceTree = SDKROOT; };
		BFCE188518DAC8D70075DF60 /* CoreGraphics.framework */ = {isa = PBXFileReference; lastKnownFileType = wrapper.framework; name = CoreGraphics.framework; path = System/Library/Frameworks/CoreGraphics.framework; sourceTree = SDKROOT; };
		BFCE188718DAC8D70075DF60 /* UIKit.framework */ = {isa = PBXFileReference; lastKnownFileType = wrapper.framework; name = UIKit.framework; path = System/Library/Frameworks/UIKit.framework; sourceTree = SDKROOT; };
		BFCE188B18DAC8D70075DF60 /* Git Test-Info.plist */ = {isa = PBXFileReference; lastKnownFileType = text.plist.xml; path = "Git Test-Info.plist"; sourceTree = "<group>"; };
		BFCE188D18DAC8D70075DF60 /* en */ = {isa = PBXFileReference; lastKnownFileType = text.plist.strings; name = en; path = en.lproj/InfoPlist.strings; sourceTree = "<group>"; };
		BFCE188F18DAC8D70075DF60 /* main.m */ = {isa = PBXFileReference; lastKnownFileType = sourcecode.c.objc; path = main.m; sourceTree = "<group>"; };
		BFCE189118DAC8D70075DF60 /* Git Test-Prefix.pch */ = {isa = PBXFileReference; lastKnownFileType = sourcecode.c.h; path = "Git Test-Prefix.pch"; sourceTree = "<group>"; };
		BFCE189218DAC8D70075DF60 /* DCAppDelegate.h */ = {isa = PBXFileReference; lastKnownFileType = sourcecode.c.h; path = DCAppDelegate.h; sourceTree = "<group>"; };
		BFCE189318DAC8D70075DF60 /* DCAppDelegate.m */ = {isa = PBXFileReference; lastKnownFileType = sourcecode.c.objc; path = DCAppDelegate.m; sourceTree = "<group>"; };
		BFCE189618DAC8D70075DF60 /* Base */ = {isa = PBXFileReference; lastKnownFileType = file.storyboard; name = Base; path = Base.lproj/Main.storyboard; sourceTree = "<group>"; };
		BFCE189818DAC8D70075DF60 /* DCViewController.h */ = {isa = PBXFileReference; lastKnownFileType = sourcecode.c.h; path = DCViewController.h; sourceTree = "<group>"; };
		BFCE189918DAC8D70075DF60 /* DCViewController.m */ = {isa = PBXFileReference; lastKnownFileType = sourcecode.c.objc; path = DCViewController.m; sourceTree = "<group>"; };
		BFCE189B18DAC8D70075DF60 /* Images.xcassets */ = {isa = PBXFileReference; lastKnownFileType = folder.assetcatalog; path = Images.xcassets; sourceTree = "<group>"; };
		BFCE18A118DAC8D70075DF60 /* Git TestTests.xctest */ = {isa = PBXFileReference; explicitFileType = wrapper.cfbundle; includeInIndex = 0; path = "Git TestTests.xctest"; sourceTree = BUILT_PRODUCTS_DIR; };
		BFCE18A218DAC8D70075DF60 /* XCTest.framework */ = {isa = PBXFileReference; lastKnownFileType = wrapper.framework; name = XCTest.framework; path = Library/Frameworks/XCTest.framework; sourceTree = DEVELOPER_DIR; };
		BFCE18AA18DAC8D70075DF60 /* Git TestTests-Info.plist */ = {isa = PBXFileReference; lastKnownFileType = text.plist.xml; path = "Git TestTests-Info.plist"; sourceTree = "<group>"; };
		BFCE18AC18DAC8D70075DF60 /* en */ = {isa = PBXFileReference; lastKnownFileType = text.plist.strings; name = en; path = en.lproj/InfoPlist.strings; sourceTree = "<group>"; };
		BFCE18AE18DAC8D70075DF60 /* Git_TestTests.m */ = {isa = PBXFileReference; lastKnownFileType = sourcecode.c.objc; path = Git_TestTests.m; sourceTree = "<group>"; };
/* End PBXFileReference section */

/* Begin PBXFrameworksBuildPhase section */
		BFCE187D18DAC8D60075DF60 /* Frameworks */ = {
			isa = PBXFrameworksBuildPhase;
			buildActionMask = 2147483647;
			files = (
				BFCE188618DAC8D70075DF60 /* CoreGraphics.framework in Frameworks */,
				BFCE188818DAC8D70075DF60 /* UIKit.framework in Frameworks */,
				BFCE188418DAC8D70075DF60 /* Foundation.framework in Frameworks */,
			);
			runOnlyForDeploymentPostprocessing = 0;
		};
		BFCE189E18DAC8D70075DF60 /* Frameworks */ = {
			isa = PBXFrameworksBuildPhase;
			buildActionMask = 2147483647;
			files = (
				BFCE18A318DAC8D70075DF60 /* XCTest.framework in Frameworks */,
				BFCE18A518DAC8D70075DF60 /* UIKit.framework in Frameworks */,
				BFCE18A418DAC8D70075DF60 /* Foundation.framework in Frameworks */,
			);
			runOnlyForDeploymentPostprocessing = 0;
		};
/* End PBXFrameworksBuildPhase section */

/* Begin PBXGroup section */
		BFCE187718DAC8D60075DF60 = {
			isa = PBXGroup;
			children = (
				BFCE188918DAC8D70075DF60 /* Git Test */,
				BFCE18A818DAC8D70075DF60 /* Git TestTests */,
				BFCE188218DAC8D70075DF60 /* Frameworks */,
				BFCE188118DAC8D70075DF60 /* Products */,
			);
			sourceTree = "<group>";
		};
		BFCE188118DAC8D70075DF60 /* Products */ = {
			isa = PBXGroup;
			children = (
				BFCE188018DAC8D70075DF60 /* Git Test.app */,
				BFCE18A118DAC8D70075DF60 /* Git TestTests.xctest */,
			);
			name = Products;
			sourceTree = "<group>";
		};
		BFCE188218DAC8D70075DF60 /* Frameworks */ = {
			isa = PBXGroup;
			children = (
				BFCE188318DAC8D70075DF60 /* Foundation.framework */,
				BFCE188518DAC8D70075DF60 /* CoreGraphics.framework */,
				BFCE188718DAC8D70075DF60 /* UIKit.framework */,
				BFCE18A218DAC8D70075DF60 /* XCTest.framework */,
			);
			name = Frameworks;
			sourceTree = "<group>";
		};
		BFCE188918DAC8D70075DF60 /* Git Test */ = {
			isa = PBXGroup;
			children = (
				BFCE189218DAC8D70075DF60 /* DCAppDelegate.h */,
				BFCE189318DAC8D70075DF60 /* DCAppDelegate.m */,
				BFCE189518DAC8D70075DF60 /* Main.storyboard */,
				BFCE189818DAC8D70075DF60 /* DCViewController.h */,
				BFCE189918DAC8D70075DF60 /* DCViewController.m */,
				BFCE189B18DAC8D70075DF60 /* Images.xcassets */,
				BFCE188A18DAC8D70075DF60 /* Supporting Files */,
			);
			path = "Git Test";
			sourceTree = "<group>";
		};
		BFCE188A18DAC8D70075DF60 /* Supporting Files */ = {
			isa = PBXGroup;
			children = (
				BFCE188B18DAC8D70075DF60 /* Git Test-Info.plist */,
				BFCE188C18DAC8D70075DF60 /* InfoPlist.strings */,
				BFCE188F18DAC8D70075DF60 /* main.m */,
				BFCE189118DAC8D70075DF60 /* Git Test-Prefix.pch */,
			);
			name = "Supporting Files";
			sourceTree = "<group>";
		};
		BFCE18A818DAC8D70075DF60 /* Git TestTests */ = {
			isa = PBXGroup;
			children = (
				BFCE18AE18DAC8D70075DF60 /* Git_TestTests.m */,
				BFCE18A918DAC8D70075DF60 /* Supporting Files */,
			);
			path = "Git TestTests";
			sourceTree = "<group>";
		};
		BFCE18A918DAC8D70075DF60 /* Supporting Files */ = {
			isa = PBXGroup;
			children = (
				BFCE18AA18DAC8D70075DF60 /* Git TestTests-Info.plist */,
				BFCE18AB18DAC8D70075DF60 /* InfoPlist.strings */,
			);
			name = "Supporting Files";
			sourceTree = "<group>";
		};
/* End PBXGroup section */

/* Begin PBXNativeTarget section */
		BFCE187F18DAC8D60075DF60 /* Git Test */ = {
			isa = PBXNativeTarget;
			buildConfigurationList = BFCE18B218DAC8D70075DF60 /* Build configuration list for PBXNativeTarget "Git Test" */;
			buildPhases = (
				BFCE187C18DAC8D60075DF60 /* Sources */,
				BFCE187D18DAC8D60075DF60 /* Frameworks */,
				BFCE187E18DAC8D60075DF60 /* Resources */,
			);
			buildRules = (
			);
			dependencies = (
			);
			name = "Git Test";
			productName = "Git Test";
			productReference = BFCE188018DAC8D70075DF60 /* Git Test.app */;
			productType = "com.apple.product-type.application";
		};
		BFCE18A018DAC8D70075DF60 /* Git TestTests */ = {
			isa = PBXNativeTarget;
			buildConfigurationList = BFCE18B518DAC8D70075DF60 /* Build configuration list for PBXNativeTarget "Git TestTests" */;
			buildPhases = (
				BFCE189D18DAC8D70075DF60 /* Sources */,
				BFCE189E18DAC8D70075DF60 /* Frameworks */,
				BFCE189F18DAC8D70075DF60 /* Resources */,
			);
			buildRules = (
			);
			dependencies = (
				BFCE18A718DAC8D70075DF60 /* PBXTargetDependency */,
			);
			name = "Git TestTests";
			productName = "Git TestTests";
			productReference = BFCE18A118DAC8D70075DF60 /* Git TestTests.xctest */;
			productType = "com.apple.product-type.bundle.unit-test";
		};
/* End PBXNativeTarget section */

/* Begin PBXProject section */
		BFCE187818DAC8D60075DF60 /* Project object */ = {
			isa = PBXProject;
			attributes = {
				CLASSPREFIX = DC;
				LastUpgradeCheck = 0510;
				ORGANIZATIONNAME = "David Chuang";
				TargetAttributes = {
					BFCE18A018DAC8D70075DF60 = {
						TestTargetID = BFCE187F18DAC8D60075DF60;
					};
				};
			};
			buildConfigurationList = BFCE187B18DAC8D60075DF60 /* Build configuration list for PBXProject "Git Test" */;
			compatibilityVersion = "Xcode 3.2";
			developmentRegion = English;
			hasScannedForEncodings = 0;
			knownRegions = (
				en,
				Base,
			);
			mainGroup = BFCE187718DAC8D60075DF60;
			productRefGroup = BFCE188118DAC8D70075DF60 /* Products */;
			projectDirPath = "";
			projectRoot = "";
			targets = (
				BFCE187F18DAC8D60075DF60 /* Git Test */,
				BFCE18A018DAC8D70075DF60 /* Git TestTests */,
			);
		};
/* End PBXProject section */

/* Begin PBXResourcesBuildPhase section */
		BFCE187E18DAC8D60075DF60 /* Resources */ = {
			isa = PBXResourcesBuildPhase;
			buildActionMask = 2147483647;
			files = (
				BFCE189C18DAC8D70075DF60 /* Images.xcassets in Resources */,
				BFCE188E18DAC8D70075DF60 /* InfoPlist.strings in Resources */,
				BFCE189718DAC8D70075DF60 /* Main.storyboard in Resources */,
			);
			runOnlyForDeploymentPostprocessing = 0;
		};
		BFCE189F18DAC8D70075DF60 /* Resources */ = {
			isa = PBXResourcesBuildPhase;
			buildActionMask = 2147483647;
			files = (
				BFCE18AD18DAC8D70075DF60 /* InfoPlist.strings in Resources */,
			);
			runOnlyForDeploymentPostprocessing = 0;
		};
/* End PBXResourcesBuildPhase section */

/* Begin PBXSourcesBuildPhase section */
		BFCE187C18DAC8D60075DF60 /* Sources */ = {
			isa = PBXSourcesBuildPhase;
			buildActionMask = 2147483647;
			files = (
				BFCE189018DAC8D70075DF60 /* main.m in Sources */,
				BFCE189A18DAC8D70075DF60 /* DCViewController.m in Sources */,
				BFCE189418DAC8D70075DF60 /* DCAppDelegate.m in Sources */,
			);
			runOnlyForDeploymentPostprocessing = 0;
		};
		BFCE189D18DAC8D70075DF60 /* Sources */ = {
			isa = PBXSourcesBuildPhase;
			buildActionMask = 2147483647;
			files = (
				BFCE18AF18DAC8D70075DF60 /* Git_TestTests.m in Sources */,
			);
			runOnlyForDeploymentPostprocessing = 0;
		};
/* End PBXSourcesBuildPhase section */

/* Begin PBXTargetDependency section */
		BFCE18A718DAC8D70075DF60 /* PBXTargetDependency */ = {
			isa = PBXTargetDependency;
			target = BFCE187F18DAC8D60075DF60 /* Git Test */;
			targetProxy = BFCE18A618DAC8D70075DF60 /* PBXContainerItemProxy */;
		};
/* End PBXTargetDependency section */

/* Begin PBXVariantGroup section */
		BFCE188C18DAC8D70075DF60 /* InfoPlist.strings */ = {
			isa = PBXVariantGroup;
			children = (
				BFCE188D18DAC8D70075DF60 /* en */,
			);
			name = InfoPlist.strings;
			sourceTree = "<group>";
		};
		BFCE189518DAC8D70075DF60 /* Main.storyboard */ = {
			isa = PBXVariantGroup;
			children = (
				BFCE189618DAC8D70075DF60 /* Base */,
			);
			name = Main.storyboard;
			sourceTree = "<group>";
		};
		BFCE18AB18DAC8D70075DF60 /* InfoPlist.strings */ = {
			isa = PBXVariantGroup;
			children = (
				BFCE18AC18DAC8D70075DF60 /* en */,
			);
			name = InfoPlist.strings;
			sourceTree = "<group>";
		};
/* End PBXVariantGroup section */

/* Begin XCBuildConfiguration section */
		BFCE18B018DAC8D70075DF60 /* Debug */ = {
			isa = XCBuildConfiguration;
			buildSettings = {
				ALWAYS_SEARCH_USER_PATHS = NO;
				CLANG_CXX_LANGUAGE_STANDARD = "gnu++0x";
				CLANG_CXX_LIBRARY = "libc++";
				CLANG_ENABLE_MODULES = YES;
				CLANG_ENABLE_OBJC_ARC = YES;
				CLANG_WARN_BOOL_CONVERSION = YES;
				CLANG_WARN_CONSTANT_CONVERSION = YES;
				CLANG_WARN_DIRECT_OBJC_ISA_USAGE = YES_ERROR;
				CLANG_WARN_EMPTY_BODY = YES;
				CLANG_WARN_ENUM_CONVERSION = YES;
				CLANG_WARN_INT_CONVERSION = YES;
				CLANG_WARN_OBJC_ROOT_CLASS = YES_ERROR;
				CLANG_WARN__DUPLICATE_METHOD_MATCH = YES;
				"CODE_SIGN_IDENTITY[sdk=iphoneos*]" = "iPhone Developer";
				COPY_PHASE_STRIP = NO;
				GCC_C_LANGUAGE_STANDARD = gnu99;
				GCC_DYNAMIC_NO_PIC = NO;
				GCC_OPTIMIZATION_LEVEL = 0;
				GCC_PREPROCESSOR_DEFINITIONS = (
					"DEBUG=1",
					"$(inherited)",
				);
				GCC_SYMBOLS_PRIVATE_EXTERN = NO;
				GCC_WARN_64_TO_32_BIT_CONVERSION = YES;
				GCC_WARN_ABOUT_RETURN_TYPE = YES_ERROR;
				GCC_WARN_UNDECLARED_SELECTOR = YES;
				GCC_WARN_UNINITIALIZED_AUTOS = YES_AGGRESSIVE;
				GCC_WARN_UNUSED_FUNCTION = YES;
				GCC_WARN_UNUSED_VARIABLE = YES;
				IPHONEOS_DEPLOYMENT_TARGET = 7.1;
				ONLY_ACTIVE_ARCH = YES;
				SDKROOT = iphoneos;
			};
			name = Debug;
		};
		BFCE18B118DAC8D70075DF60 /* Release */ = {
			isa = XCBuildConfiguration;
			buildSettings = {
				ALWAYS_SEARCH_USER_PATHS = NO;
				CLANG_CXX_LANGUAGE_STANDARD = "gnu++0x";
				CLANG_CXX_LIBRARY = "libc++";
				CLANG_ENABLE_MODULES = YES;
				CLANG_ENABLE_OBJC_ARC = YES;
				CLANG_WARN_BOOL_CONVERSION = YES;
				CLANG_WARN_CONSTANT_CONVERSION = YES;
				CLANG_WARN_DIRECT_OBJC_ISA_USAGE = YES_ERROR;
				CLANG_WARN_EMPTY_BODY = YES;
				CLANG_WARN_ENUM_CONVERSION = YES;
				CLANG_WARN_INT_CONVERSION = YES;
				CLANG_WARN_OBJC_ROOT_CLASS = YES_ERROR;
				CLANG_WARN__DUPLICATE_METHOD_MATCH = YES;
				"CODE_SIGN_IDENTITY[sdk=iphoneos*]" = "iPhone Developer";
				COPY_PHASE_STRIP = YES;
				ENABLE_NS_ASSERTIONS = NO;
				GCC_C_LANGUAGE_STANDARD = gnu99;
				GCC_WARN_64_TO_32_BIT_CONVERSION = YES;
				GCC_WARN_ABOUT_RETURN_TYPE = YES_ERROR;
				GCC_WARN_UNDECLARED_SELECTOR = YES;
				GCC_WARN_UNINITIALIZED_AUTOS = YES_AGGRESSIVE;
				GCC_WARN_UNUSED_FUNCTION = YES;
				GCC_WARN_UNUSED_VARIABLE = YES;
				IPHONEOS_DEPLOYMENT_TARGET = 7.1;
				SDKROOT = iphoneos;
				VALIDATE_PRODUCT = YES;
			};
			name = Release;
		};
		BFCE18B318DAC8D70075DF60 /* Debug */ = {
			isa = XCBuildConfiguration;
			buildSettings = {
				ASSETCATALOG_COMPILER_APPICON_NAME = AppIcon;
				ASSETCATALOG_COMPILER_LAUNCHIMAGE_NAME = LaunchImage;
				GCC_PRECOMPILE_PREFIX_HEADER = YES;
				GCC_PREFIX_HEADER = "Git Test/Git Test-Prefix.pch";
				INFOPLIST_FILE = "Git Test/Git Test-Info.plist";
				PRODUCT_NAME = "$(TARGET_NAME)";
				WRAPPER_EXTENSION = app;
			};
			name = Debug;
		};
		BFCE18B418DAC8D70075DF60 /* Release */ = {
			isa = XCBuildConfiguration;
			buildSettings = {
				ASSETCATALOG_COMPILER_APPICON_NAME = AppIcon;
				ASSETCATALOG_COMPILER_LAUNCHIMAGE_NAME = LaunchImage;
				GCC_PRECOMPILE_PREFIX_HEADER = YES;
				GCC_PREFIX_HEADER = "Git Test/Git Test-Prefix.pch";
				INFOPLIST_FILE = "Git Test/Git Test-Info.plist";
				PRODUCT_NAME = "$(TARGET_NAME)";
				WRAPPER_EXTENSION = app;
			};
			name = Release;
		};
		BFCE18B618DAC8D70075DF60 /* Debug */ = {
			isa = XCBuildConfiguration;
			buildSettings = {
				BUNDLE_LOADER = "$(BUILT_PRODUCTS_DIR)/Git Test.app/Git Test";
				FRAMEWORK_SEARCH_PATHS = (
					"$(SDKROOT)/Developer/Library/Frameworks",
					"$(inherited)",
					"$(DEVELOPER_FRAMEWORKS_DIR)",
				);
				GCC_PRECOMPILE_PREFIX_HEADER = YES;
				GCC_PREFIX_HEADER = "Git Test/Git Test-Prefix.pch";
				GCC_PREPROCESSOR_DEFINITIONS = (
					"DEBUG=1",
					"$(inherited)",
				);
				INFOPLIST_FILE = "Git TestTests/Git TestTests-Info.plist";
				PRODUCT_NAME = "$(TARGET_NAME)";
				TEST_HOST = "$(BUNDLE_LOADER)";
				WRAPPER_EXTENSION = xctest;
			};
			name = Debug;
		};
		BFCE18B718DAC8D70075DF60 /* Release */ = {
			isa = XCBuildConfiguration;
			buildSettings = {
				BUNDLE_LOADER = "$(BUILT_PRODUCTS_DIR)/Git Test.app/Git Test";
				FRAMEWORK_SEARCH_PATHS = (
					"$(SDKROOT)/Developer/Library/Frameworks",
					"$(inherited)",
					"$(DEVELOPER_FRAMEWORKS_DIR)",
				);
				GCC_PRECOMPILE_PREFIX_HEADER = YES;
				GCC_PREFIX_HEADER = "Git Test/Git Test-Prefix.pch";
				INFOPLIST_FILE = "Git TestTests/Git TestTests-Info.plist";
				PRODUCT_NAME = "$(TARGET_NAME)";
				TEST_HOST = "$(BUNDLE_LOADER)";
				WRAPPER_EXTENSION = xctest;
			};
			name = Release;
		};
/* End XCBuildConfiguration section */

/* Begin XCConfigurationList section */
		BFCE187B18DAC8D60075DF60 /* Build configuration list for PBXProject "Git Test" */ = {
			isa = XCConfigurationList;
			buildConfigurations = (
				BFCE18B018DAC8D70075DF60 /* Debug */,
				BFCE18B118DAC8D70075DF60 /* Release */,
			);
			defaultConfigurationIsVisible = 0;
			defaultConfigurationName = Release;
		};
		BFCE18B218DAC8D70075DF60 /* Build configuration list for PBXNativeTarget "Git Test" */ = {
			isa = XCConfigurationList;
			buildConfigurations = (
				BFCE18B318DAC8D70075DF60 /* Debug */,
				BFCE18B418DAC8D70075DF60 /* Release */,
			);
			defaultConfigurationIsVisible = 0;
		};
		BFCE18B518DAC8D70075DF60 /* Build configuration list for PBXNativeTarget "Git TestTests" */ = {
			isa = XCConfigurationList;
			buildConfigurations = (
				BFCE18B618DAC8D70075DF60 /* Debug */,
				BFCE18B718DAC8D70075DF60 /* Release */,
			);
			defaultConfigurationIsVisible = 0;
		};
/* End XCConfigurationList section */
	};
	rootObject = BFCE187818DAC8D60075DF60 /* Project object */;
}
